
Microsoft Visual Studio Solution File, Format Version 12.00
# Visual Studio Version 16
VisualStudioVersion = 16.0.31613.86
MinimumVisualStudioVersion = 10.0.40219.1
Project("{FAE04EC0-301F-11D3-BF4B-00C04F79EFBC}") = "Yanusosu.AbpCodeGenerator.WPF", "Yanusosu.AbpCodeGenerator.WPF\Yanusosu.AbpCodeGenerator.WPF.csproj", "{69A962F4-A968-4DD5-B1F1-275DB5D83390}"
EndProject
Project("{FAE04EC0-301F-11D3-BF4B-00C04F79EFBC}") = "Yanusoso.AbpCodeGenerator", "Yanusoso.AbpCodeGenerator\Yanusoso.AbpCodeGenerator.csproj", "{9D8762EC-3DB9-4032-A463-570C21D9A334}"
EndProject
Global
	GlobalSection(SolutionConfigurationPlatforms) = preSolution
		Debug|Any CPU = Debug|Any CPU
		Release|Any CPU = Release|Any CPU
	EndGlobalSection
	GlobalSection(ProjectConfigurationPlatforms) = postSolution
		{69A962F4-A968-4DD5-B1F1-275DB5D83390}.Debug|Any CPU.ActiveCfg = Debug|Any CPU
		{69A962F4-A968-4DD5-B1F1-275DB5D83390}.Debug|Any CPU.Build.0 = Debug|Any CPU
		{69A962F4-A968-4DD5-B1F1-275DB5D83390}.Release|Any CPU.ActiveCfg = Release|Any CPU
		{69A962F4-A968-4DD5-B1F1-275DB5D83390}.Release|Any CPU.Build.0 = Release|Any CPU
		{9D8762EC-3DB9-4032-A463-570C21D9A334}.Debug|Any CPU.ActiveCfg = Debug|Any CPU
		{9D8762EC-3DB9-4032-A463-570C21D9A334}.Debug|Any CPU.Build.0 = Debug|Any CPU
		{9D8762EC-3DB9-4032-A463-570C21D9A334}.Release|Any CPU.ActiveCfg = Release|Any CPU
		{9D8762EC-3DB9-4032-A463-570C21D9A334}.Release|Any CPU.Build.0 = Release|Any CPU
	EndGlobalSection
	GlobalSection(SolutionProperties) = preSolution
		HideSolutionNode = FALSE
	EndGlobalSection
	GlobalSection(ExtensibilityGlobals) = postSolution
		SolutionGuid = {6DFCD609-1775-4476-9AE3-40758FEEA12F}
	EndGlobalSection
EndGlobal
